{
  "version": 4,
  "terraform_version": "1.14.1",
  "serial": 1,
  "lineage": "77112c07-a9d4-4a8a-0381-89667ff12f3a",
  "outputs": {
    "webapp_file_path": {
      "value": "./webapp/src/index.js",
      "type": "string"
    }
  },
  "resources": [
    {
      "mode": "managed",
      "type": "local_file",
      "name": "webapp_app",
      "provider": "provider[\"registry.terraform.io/hashicorp/local\"]",
      "instances": [
        {
          "schema_version": 0,
          "attributes": {
            "content": "console.log(\"Hello from Terraform-generated app!\");\r\n",
            "content_base64": null,
            "content_base64sha256": "G8WbCwdJxmrwwl6LcV5PxCkNsxDmZPIvJCJAqAjrZYs=",
            "content_base64sha512": "skfA0l/xMck6UOa4zd2rWZubg5dl67mxDq3tEAp2Btr/mZGisvZkHasP6uRZ9bH4uXy8S9Mlo9rD+ODlSmj6aQ==",
            "content_md5": "ecb1d5bb7083bfd5fb1e0ba41bc6eed9",
            "content_sha1": "f8f7981900ce7d83f55bc14a9a5e0afa8f1e039a",
            "content_sha256": "1bc59b0b0749c66af0c25e8b715e4fc4290db310e664f22f242240a808eb658b",
            "content_sha512": "b247c0d25ff131c93a50e6b8cdddab599b9b839765ebb9b10eaded100a7606daff9991a2b2f6641dab0feae459f5b1f8b97cbc4bd325a3dac3f8e0e54a68fa69",
            "directory_permission": "0777",
            "file_permission": "0777",
            "filename": "./webapp/src/index.js",
            "id": "f8f7981900ce7d83f55bc14a9a5e0afa8f1e039a",
            "sensitive_content": null,
            "source": null
          },
          "sensitive_attributes": [
            [
              {
                "type": "get_attr",
                "value": "sensitive_content"
              }
            ]
          ],
          "identity_schema_version": 0
        }
      ]
    }
  ],
  "check_results": null
}
